
Microsoft Visual Studio Solution File, Format Version 12.00
# Visual Studio 15
VisualStudioVersion = 15.0.28307.1259
MinimumVisualStudioVersion = 10.0.40219.1
Project("{FAE04EC0-301F-11D3-BF4B-00C04F79EFBC}") = "Converter_with_tests", "Converter_with_tests\Converter_with_tests.csproj", "{2F3A591D-5A62-417D-B7BF-D252A47102AF}"
EndProject
Project("{FAE04EC0-301F-11D3-BF4B-00C04F79EFBC}") = "UnitTestProject1", "UnitTestProject1\UnitTestProject1.csproj", "{58CA0A4D-3001-49F2-8F04-C9A9AB917F9F}"
EndProject
Global
	GlobalSection(SolutionConfigurationPlatforms) = preSolution
		Debug|Any CPU = Debug|Any CPU
		Release|Any CPU = Release|Any CPU
	EndGlobalSection
	GlobalSection(ProjectConfigurationPlatforms) = postSolution
		{2F3A591D-5A62-417D-B7BF-D252A47102AF}.Debug|Any CPU.ActiveCfg = Debug|Any CPU
		{2F3A591D-5A62-417D-B7BF-D252A47102AF}.Debug|Any CPU.Build.0 = Debug|Any CPU
		{2F3A591D-5A62-417D-B7BF-D252A47102AF}.Release|Any CPU.ActiveCfg = Release|Any CPU
		{2F3A591D-5A62-417D-B7BF-D252A47102AF}.Release|Any CPU.Build.0 = Release|Any CPU
		{58CA0A4D-3001-49F2-8F04-C9A9AB917F9F}.Debug|Any CPU.ActiveCfg = Debug|Any CPU
		{58CA0A4D-3001-49F2-8F04-C9A9AB917F9F}.Debug|Any CPU.Build.0 = Debug|Any CPU
		{58CA0A4D-3001-49F2-8F04-C9A9AB917F9F}.Release|Any CPU.ActiveCfg = Release|Any CPU
		{58CA0A4D-3001-49F2-8F04-C9A9AB917F9F}.Release|Any CPU.Build.0 = Release|Any CPU
	EndGlobalSection
	GlobalSection(SolutionProperties) = preSolution
		HideSolutionNode = FALSE
	EndGlobalSection
	GlobalSection(ExtensibilityGlobals) = postSolution
		SolutionGuid = {14F6E6B4-7F02-4558-9241-618A91B0FEE0}
	EndGlobalSection
EndGlobal
